Microsoft Visual Studio Solution File, Format Version 11.00
# Visual Studio 2008

Project("{831F16B9-0E96-2DC0-2981-641B73394738}") = "Game Engine Assigment", "Assembly-CSharp-firstpass.csproj", "{CEB5C2FB-FFE0-7A6B-F3A9-4E713B4E83F4}"
EndProject
Project("{831F16B9-0E96-2DC0-2981-641B73394738}") = "Game Engine Assigment", "Assembly-CSharp.csproj", "{42537263-2D9F-0D5B-C91D-F470E89E2AED}"
EndProject
Project("{831F16B9-0E96-2DC0-2981-641B73394738}") = "Game Engine Assigment", "Assembly-UnityScript-firstpass.unityproj", "{487E1E70-892A-8681-C136-392B18D32C33}"
EndProject
Project("{831F16B9-0E96-2DC0-2981-641B73394738}") = "Game Engine Assigment", "Assembly-UnityScript.unityproj", "{824AEE92-457C-91FD-EA5E-C028D67924C7}"
EndProject
Global
	GlobalSection(SolutionConfigurationPlatforms) = preSolution
		Debug|Any CPU = Debug|Any CPU
		Release|Any CPU = Release|Any CPU
	EndGlobalSection
	GlobalSection(ProjectConfigurationPlatforms) = postSolution
		{CEB5C2FB-FFE0-7A6B-F3A9-4E713B4E83F4}.Debug|Any CPU.ActiveCfg = Debug|Any CPU
		{CEB5C2FB-FFE0-7A6B-F3A9-4E713B4E83F4}.Debug|Any CPU.Build.0 = Debug|Any CPU
		{CEB5C2FB-FFE0-7A6B-F3A9-4E713B4E83F4}.Release|Any CPU.ActiveCfg = Release|Any CPU
		{CEB5C2FB-FFE0-7A6B-F3A9-4E713B4E83F4}.Release|Any CPU.Build.0 = Release|Any CPU
		{42537263-2D9F-0D5B-C91D-F470E89E2AED}.Debug|Any CPU.ActiveCfg = Debug|Any CPU
		{42537263-2D9F-0D5B-C91D-F470E89E2AED}.Debug|Any CPU.Build.0 = Debug|Any CPU
		{42537263-2D9F-0D5B-C91D-F470E89E2AED}.Release|Any CPU.ActiveCfg = Release|Any CPU
		{42537263-2D9F-0D5B-C91D-F470E89E2AED}.Release|Any CPU.Build.0 = Release|Any CPU
		{487E1E70-892A-8681-C136-392B18D32C33}.Debug|Any CPU.ActiveCfg = Debug|Any CPU
		{487E1E70-892A-8681-C136-392B18D32C33}.Debug|Any CPU.Build.0 = Debug|Any CPU
		{487E1E70-892A-8681-C136-392B18D32C33}.Release|Any CPU.ActiveCfg = Release|Any CPU
		{487E1E70-892A-8681-C136-392B18D32C33}.Release|Any CPU.Build.0 = Release|Any CPU
		{824AEE92-457C-91FD-EA5E-C028D67924C7}.Debug|Any CPU.ActiveCfg = Debug|Any CPU
		{824AEE92-457C-91FD-EA5E-C028D67924C7}.Debug|Any CPU.Build.0 = Debug|Any CPU
		{824AEE92-457C-91FD-EA5E-C028D67924C7}.Release|Any CPU.ActiveCfg = Release|Any CPU
		{824AEE92-457C-91FD-EA5E-C028D67924C7}.Release|Any CPU.Build.0 = Release|Any CPU
	EndGlobalSection
	GlobalSection(SolutionProperties) = preSolution
		HideSolutionNode = FALSE
	EndGlobalSection
								GlobalSection(MonoDevelopProperties) = preSolution
		StartupItem = Assembly-CSharp.csproj
		Policies = $0
		$0.TextStylePolicy = $1
		$1.inheritsSet = null
		$1.scope = text/x-csharp
		$0.CSharpFormattingPolicy = $2
		$2.inheritsSet = Mono
		$2.inheritsScope = text/x-csharp
		$2.scope = text/x-csharp
		$0.TextStylePolicy = $3
		$3.FileWidth = 120
		$3.TabWidth = 4
		$3.EolMarker = Unix
		$3.inheritsSet = Mono
		$3.inheritsScope = text/plain
		$3.scope = text/plain
	EndGlobalSection

EndGlobal
